{
  "name": "broken-effector",
  "version": "1.0.0",
  "lockfileVersion": 2,
  "requires": true,
  "packages": {
    "": {
      "name": "broken-effector",
      "version": "1.0.0",
      "license": "MIT",
      "dependencies": {
        "effector": "file:effector/npm/effector",
        "effector-react": "file:effector/npm/effector-react",
        "effector-solid": "file:effector/npm/effector-solid",
        "effector-vue": "file:effector/npm/effector-vue",
        "forest": "file:effector/npm/forest"
      },
      "devDependencies": {
        "tslib": "^2.4.0",
        "typescript": "^4.7.4"
      }
    },
    "effector": {},
    "effector/node_modules/@vue/reactivity": {
      "version": "3.0.2",
      "license": "MIT",
      "peer": true,
      "dependencies": {
        "@vue/shared": "3.0.2"
      }
    },
    "effector/node_modules/@vue/runtime-core": {
      "version": "3.0.2",
      "license": "MIT",
      "peer": true,
      "dependencies": {
        "@vue/reactivity": "3.0.2",
        "@vue/shared": "3.0.2"
      }
    },
    "effector/node_modules/@vue/shared": {
      "version": "3.0.2",
      "license": "MIT",
      "peer": true
    },
    "effector/node_modules/js-tokens": {
      "version": "4.0.0",
      "license": "MIT",
      "peer": true
    },
    "effector/node_modules/loose-envify": {
      "version": "1.4.0",
      "license": "MIT",
      "peer": true,
      "dependencies": {
        "js-tokens": "^3.0.0 || ^4.0.0"
      },
      "bin": {
        "loose-envify": "cli.js"
      }
    },
    "effector/node_modules/react": {
      "version": "18.0.0",
      "license": "MIT",
      "peer": true,
      "dependencies": {
        "loose-envify": "^1.1.0"
      },
      "engines": {
        "node": ">=0.10.0"
      }
    },
    "effector/node_modules/solid-js": {
      "version": "1.4.2",
      "license": "MIT",
      "peer": true
    },
    "effector/node_modules/use-sync-external-store": {
      "version": "1.0.0",
      "license": "MIT",
      "peerDependencies": {
        "react": "^16.8.0 || ^17.0.0 || ^18.0.0-rc"
      }
    },
    "effector/node_modules/vue": {
      "version": "2.6.12",
      "license": "MIT",
      "peer": true
    },
    "effector/npm/effector": {
      "version": "22.3.0",
      "funding": [
        {
          "type": "patreon",
          "url": "https://www.patreon.com/zero_bias"
        },
        {
          "type": "opencollective",
          "url": "https://opencollective.com/effector"
        }
      ],
      "license": "MIT",
      "devDependencies": {},
      "engines": {
        "node": ">=11.0.0"
      }
    },
    "effector/npm/effector-react": {
      "version": "22.1.6",
      "funding": [
        {
          "type": "patreon",
          "url": "https://www.patreon.com/zero_bias"
        },
        {
          "type": "opencollective",
          "url": "https://opencollective.com/effector"
        }
      ],
      "license": "MIT",
      "dependencies": {
        "use-sync-external-store": "^1.0.0"
      },
      "devDependencies": {},
      "engines": {
        "node": ">=11.0.0"
      },
      "peerDependencies": {
        "effector": "^22.0.2",
        "react": ">=16.8.0 <19.0.0"
      }
    },
    "effector/npm/effector-solid": {
      "version": "0.22.2",
      "funding": [
        {
          "type": "patreon",
          "url": "https://www.patreon.com/zero_bias"
        },
        {
          "type": "opencollective",
          "url": "https://opencollective.com/effector"
        }
      ],
      "license": "MIT",
      "devDependencies": {},
      "engines": {
        "node": ">=11.0.0"
      },
      "peerDependencies": {
        "effector": "^22.0.2",
        "solid-js": ">= 1.3.0"
      }
    },
    "effector/npm/effector-vue": {
      "version": "22.1.1",
      "funding": [
        {
          "type": "patreon",
          "url": "https://www.patreon.com/zero_bias"
        },
        {
          "type": "opencollective",
          "url": "https://opencollective.com/effector"
        }
      ],
      "license": "MIT",
      "devDependencies": {},
      "engines": {
        "node": ">=11.0.0"
      },
      "peerDependencies": {
        "@vue/reactivity": "^3.0.2",
        "@vue/runtime-core": "^3.0.2",
        "effector": "^22.0.2",
        "vue": "*"
      }
    },
    "effector/npm/forest": {
      "version": "0.21.1",
      "funding": [
        {
          "type": "patreon",
          "url": "https://www.patreon.com/zero_bias"
        },
        {
          "type": "opencollective",
          "url": "https://opencollective.com/effector"
        }
      ],
      "license": "MIT",
      "devDependencies": {},
      "engines": {
        "node": ">=11.0.0"
      },
      "peerDependencies": {
        "effector": "^22.3.0"
      }
    },
    "node_modules/effector": {
      "resolved": "effector/npm/effector",
      "link": true
    },
    "node_modules/effector-react": {
      "resolved": "effector/npm/effector-react",
      "link": true
    },
    "node_modules/effector-solid": {
      "resolved": "effector/npm/effector-solid",
      "link": true
    },
    "node_modules/effector-vue": {
      "resolved": "effector/npm/effector-vue",
      "link": true
    },
    "node_modules/forest": {
      "resolved": "effector/npm/forest",
      "link": true
    },
    "node_modules/tslib": {
      "version": "2.4.0",
      "dev": true,
      "license": "0BSD"
    },
    "node_modules/typescript": {
      "version": "4.7.4",
      "dev": true,
      "license": "Apache-2.0",
      "bin": {
        "tsc": "bin/tsc",
        "tsserver": "bin/tsserver"
      },
      "engines": {
        "node": ">=4.2.0"
      }
    }
  },
  "dependencies": {
    "effector": {
      "version": "file:effector/npm/effector"
    },
    "effector-react": {
      "version": "file:effector/npm/effector-react",
      "requires": {
        "use-sync-external-store": "^1.0.0"
      }
    },
    "effector-solid": {
      "version": "file:effector/npm/effector-solid",
      "requires": {}
    },
    "effector-vue": {
      "version": "file:effector/npm/effector-vue",
      "requires": {}
    },
    "forest": {
      "version": "file:effector/npm/forest",
      "requires": {}
    },
    "tslib": {
      "version": "2.4.0",
      "dev": true
    },
    "typescript": {
      "version": "4.7.4",
      "dev": true
    }
  }
}
